
Microsoft Visual Studio Solution File, Format Version 12.00
# Visual Studio Version 16
VisualStudioVersion = 16.0.30114.105
MinimumVisualStudioVersion = 10.0.40219.1
Project("{FAE04EC0-301F-11D3-BF4B-00C04F79EFBC}") = "PromotionEngine", "PromotionEngine\PromotionEngine.csproj", "{D1D2E76A-01CF-46D2-BDFB-1132519459D6}"
EndProject
Global
	GlobalSection(SolutionConfigurationPlatforms) = preSolution
		Debug|Any CPU = Debug|Any CPU
		Release|Any CPU = Release|Any CPU
	EndGlobalSection
	GlobalSection(ProjectConfigurationPlatforms) = postSolution
		{D1D2E76A-01CF-46D2-BDFB-1132519459D6}.Debug|Any CPU.ActiveCfg = Debug|Any CPU
		{D1D2E76A-01CF-46D2-BDFB-1132519459D6}.Debug|Any CPU.Build.0 = Debug|Any CPU
		{D1D2E76A-01CF-46D2-BDFB-1132519459D6}.Release|Any CPU.ActiveCfg = Release|Any CPU
		{D1D2E76A-01CF-46D2-BDFB-1132519459D6}.Release|Any CPU.Build.0 = Release|Any CPU
	EndGlobalSection
	GlobalSection(SolutionProperties) = preSolution
		HideSolutionNode = FALSE
	EndGlobalSection
	GlobalSection(ExtensibilityGlobals) = postSolution
		SolutionGuid = {7C6C3A3C-5833-44A1-8FC7-5E533CD4E2A9}
	EndGlobalSection
EndGlobal
